
Microsoft Visual Studio Solution File, Format Version 12.00
# Visual Studio 2012
Project("{FAE04EC0-301F-11D3-BF4B-00C04F79EFBC}") = "WpfApplication1", "WpfApplication1\WpfApplication1.csproj", "{84F5FF6E-5A65-4A64-B022-8518DE9BF2CC}"
EndProject
Global
	GlobalSection(SolutionConfigurationPlatforms) = preSolution
		Debug|Any CPU = Debug|Any CPU
		Release|Any CPU = Release|Any CPU
	EndGlobalSection
	GlobalSection(ProjectConfigurationPlatforms) = postSolution
		{84F5FF6E-5A65-4A64-B022-8518DE9BF2CC}.Debug|Any CPU.ActiveCfg = Debug|Any CPU
		{84F5FF6E-5A65-4A64-B022-8518DE9BF2CC}.Debug|Any CPU.Build.0 = Debug|Any CPU
		{84F5FF6E-5A65-4A64-B022-8518DE9BF2CC}.Release|Any CPU.ActiveCfg = Release|Any CPU
		{84F5FF6E-5A65-4A64-B022-8518DE9BF2CC}.Release|Any CPU.Build.0 = Release|Any CPU
	EndGlobalSection
	GlobalSection(SolutionProperties) = preSolution
		HideSolutionNode = FALSE
	EndGlobalSection
EndGlobal
